
Microsoft Visual Studio Solution File, Format Version 12.00
# Visual Studio Version 16
VisualStudioVersion = 16.0.29728.190
MinimumVisualStudioVersion = 10.0.40219.1
Project("{8BC9CEB8-8B4A-11D0-8D11-00A0C91BC942}") = "CppForm", "CppForm\CppForm.vcxproj", "{8A651AD7-7C30-42EB-AA96-857B1913B2C7}"
EndProject
Project("{FAE04EC0-301F-11D3-BF4B-00C04F79EFBC}") = "TestLib", "TestLib\TestLib.csproj", "{EE6CEEE3-C24E-467A-B297-8EB4E1DDE027}"
EndProject
Global
	GlobalSection(SolutionConfigurationPlatforms) = preSolution
		Debug|Any CPU = Debug|Any CPU
		Debug|x64 = Debug|x64
		Debug|x86 = Debug|x86
		Release|Any CPU = Release|Any CPU
		Release|x64 = Release|x64
		Release|x86 = Release|x86
	EndGlobalSection
	GlobalSection(ProjectConfigurationPlatforms) = postSolution
		{8A651AD7-7C30-42EB-AA96-857B1913B2C7}.Debug|Any CPU.ActiveCfg = Debug|Win32
		{8A651AD7-7C30-42EB-AA96-857B1913B2C7}.Debug|x64.ActiveCfg = Debug|x64
		{8A651AD7-7C30-42EB-AA96-857B1913B2C7}.Debug|x64.Build.0 = Debug|x64
		{8A651AD7-7C30-42EB-AA96-857B1913B2C7}.Debug|x86.ActiveCfg = Debug|Win32
		{8A651AD7-7C30-42EB-AA96-857B1913B2C7}.Debug|x86.Build.0 = Debug|Win32
		{8A651AD7-7C30-42EB-AA96-857B1913B2C7}.Release|Any CPU.ActiveCfg = Release|Win32
		{8A651AD7-7C30-42EB-AA96-857B1913B2C7}.Release|x64.ActiveCfg = Release|x64
		{8A651AD7-7C30-42EB-AA96-857B1913B2C7}.Release|x64.Build.0 = Release|x64
		{8A651AD7-7C30-42EB-AA96-857B1913B2C7}.Release|x86.ActiveCfg = Release|Win32
		{8A651AD7-7C30-42EB-AA96-857B1913B2C7}.Release|x86.Build.0 = Release|Win32
		{EE6CEEE3-C24E-467A-B297-8EB4E1DDE027}.Debug|Any CPU.ActiveCfg = Debug|Any CPU
		{EE6CEEE3-C24E-467A-B297-8EB4E1DDE027}.Debug|Any CPU.Build.0 = Debug|Any CPU
		{EE6CEEE3-C24E-467A-B297-8EB4E1DDE027}.Debug|x64.ActiveCfg = Debug|Any CPU
		{EE6CEEE3-C24E-467A-B297-8EB4E1DDE027}.Debug|x64.Build.0 = Debug|Any CPU
		{EE6CEEE3-C24E-467A-B297-8EB4E1DDE027}.Debug|x86.ActiveCfg = Debug|Any CPU
		{EE6CEEE3-C24E-467A-B297-8EB4E1DDE027}.Debug|x86.Build.0 = Debug|Any CPU
		{EE6CEEE3-C24E-467A-B297-8EB4E1DDE027}.Release|Any CPU.ActiveCfg = Release|Any CPU
		{EE6CEEE3-C24E-467A-B297-8EB4E1DDE027}.Release|Any CPU.Build.0 = Release|Any CPU
		{EE6CEEE3-C24E-467A-B297-8EB4E1DDE027}.Release|x64.ActiveCfg = Release|Any CPU
		{EE6CEEE3-C24E-467A-B297-8EB4E1DDE027}.Release|x64.Build.0 = Release|Any CPU
		{EE6CEEE3-C24E-467A-B297-8EB4E1DDE027}.Release|x86.ActiveCfg = Release|Any CPU
		{EE6CEEE3-C24E-467A-B297-8EB4E1DDE027}.Release|x86.Build.0 = Release|Any CPU
	EndGlobalSection
	GlobalSection(SolutionProperties) = preSolution
		HideSolutionNode = FALSE
	EndGlobalSection
	GlobalSection(ExtensibilityGlobals) = postSolution
		SolutionGuid = {9BF10B21-FEF6-4C22-8F20-6777AA089CF6}
	EndGlobalSection
EndGlobal
